// !$*UTF8*$!
{
	archiveVersion = 1;
	classes = {
	};
	objectVersion = 51;
	objects = {

/* Begin PBXBuildFile section */
		322097B626DEE3FB0024DD40 /* AppDelegate.swift in Sources */ = {isa = PBXBuildFile; fileRef = 322097B526DEE3FB0024DD40 /* AppDelegate.swift */; };
		322097B826DEE3FB0024DD40 /* SceneDelegate.swift in Sources */ = {isa = PBXBuildFile; fileRef = 322097B726DEE3FB0024DD40 /* SceneDelegate.swift */; };
		322097BA26DEE3FB0024DD40 /* ViewController.swift in Sources */ = {isa = PBXBuildFile; fileRef = 322097B926DEE3FB0024DD40 /* ViewController.swift */; };
		322097BD26DEE3FB0024DD40 /* Main.storyboard in Resources */ = {isa = PBXBuildFile; fileRef = 322097BB26DEE3FB0024DD40 /* Main.storyboard */; };
		322097C226DEE3FC0024DD40 /* LaunchScreen.storyboard in Resources */ = {isa = PBXBuildFile; fileRef = 322097C026DEE3FC0024DD40 /* LaunchScreen.storyboard */; };
		323B899C2713DDE2007AFDA2 /* Reto01Testing.swift in Sources */ = {isa = PBXBuildFile; fileRef = 323B899B2713DDE2007AFDA2 /* Reto01Testing.swift */; };
		3260D786270D594A00E6F29E /* Usuarios.swift in Sources */ = {isa = PBXBuildFile; fileRef = 3260D785270D594A00E6F29E /* Usuarios.swift */; };
		3260D789270D5AAD00E6F29E /* UsuariosController.swift in Sources */ = {isa = PBXBuildFile; fileRef = 3260D788270D5AAD00E6F29E /* UsuariosController.swift */; };
		3260D793270D5EE500E6F29E /* UuariosTanatologoTableViewController.swift in Sources */ = {isa = PBXBuildFile; fileRef = 3260D792270D5EE500E6F29E /* UuariosTanatologoTableViewController.swift */; };
		3260D79D270D69AF00E6F29E /* DetalleUsuariosTableViewController.swift in Sources */ = {isa = PBXBuildFile; fileRef = 3260D79C270D69AF00E6F29E /* DetalleUsuariosTableViewController.swift */; };
		3260D7A1270D6C2800E6F29E /* Sesiones.swift in Sources */ = {isa = PBXBuildFile; fileRef = 3260D7A0270D6C2800E6F29E /* Sesiones.swift */; };
		3260D7A5270D6F2D00E6F29E /* SesionesController.swift in Sources */ = {isa = PBXBuildFile; fileRef = 3260D7A4270D6F2D00E6F29E /* SesionesController.swift */; };
		3270FDD926DFD0F6000CE316 /* Images in Resources */ = {isa = PBXBuildFile; fileRef = 3270FDD826DFD0F6000CE316 /* Images */; };
		329D792C271298D000461B09 /* SesionesViewController.swift in Sources */ = {isa = PBXBuildFile; fileRef = 329D792B271298D000461B09 /* SesionesViewController.swift */; };
		32A28B8F270DD0CF009BB4A2 /* DetalleSesionViewController.swift in Sources */ = {isa = PBXBuildFile; fileRef = 32A28B8E270DD0CF009BB4A2 /* DetalleSesionViewController.swift */; };
		32A28B92270DD277009BB4A2 /* LogInViewController.swift in Sources */ = {isa = PBXBuildFile; fileRef = 32A28B91270DD277009BB4A2 /* LogInViewController.swift */; };
		32A6702127060C5A004B8C64 /* DetalleServicioViewController.swift in Sources */ = {isa = PBXBuildFile; fileRef = 32A6701F27060C5A004B8C64 /* DetalleServicioViewController.swift */; };
		32A6702227060C5A004B8C64 /* ServiciosTableViewController.swift in Sources */ = {isa = PBXBuildFile; fileRef = 32A6702027060C5A004B8C64 /* ServiciosTableViewController.swift */; };
		32AB61EB271146E3006793EA /* EditarUserViewController.swift in Sources */ = {isa = PBXBuildFile; fileRef = 32AB61EA271146E3006793EA /* EditarUserViewController.swift */; };
		32BA899E27110F910030E25F /* EncuadreViewController.swift in Sources */ = {isa = PBXBuildFile; fileRef = 32BA899D27110F910030E25F /* EncuadreViewController.swift */; };
		32BE039827135A2C00E8B74D /* EditarSesionViewController.swift in Sources */ = {isa = PBXBuildFile; fileRef = 32BE039727135A2C00E8B74D /* EditarSesionViewController.swift */; };
		32D4274426E666D9001DB449 /* Assets.xcassets in Resources */ = {isa = PBXBuildFile; fileRef = 32D4274326E666D9001DB449 /* Assets.xcassets */; };
		3AA06715270FECA5009E760F /* ReporteBusquedaViewController.swift in Sources */ = {isa = PBXBuildFile; fileRef = 3AA06714270FECA5009E760F /* ReporteBusquedaViewController.swift */; };
		3AA6A2242713DF9E00851335 /* EncuadreTest.swift in Sources */ = {isa = PBXBuildFile; fileRef = 3AA6A2232713DF9E00851335 /* EncuadreTest.swift */; };
		40E2F30F1DFB136CA2F3A453 /* Pods_Reto01.framework in Frameworks */ = {isa = PBXBuildFile; fileRef = 70195E55BE4EC1922349EAE4 /* Pods_Reto01.framework */; };
		AF421D3B2710EF32009CE697 /* Administradores.swift in Sources */ = {isa = PBXBuildFile; fileRef = AF421D3A2710EF32009CE697 /* Administradores.swift */; };
		AF421D3D2710EF78009CE697 /* AdministradorController.swift in Sources */ = {isa = PBXBuildFile; fileRef = AF421D3C2710EF78009CE697 /* AdministradorController.swift */; };
		AF421D43271111FC009CE697 /* AdminSoporte.swift in Sources */ = {isa = PBXBuildFile; fileRef = AF421D42271111FC009CE697 /* AdminSoporte.swift */; };
		AF421D4527111214009CE697 /* AdminSoporteController.swift in Sources */ = {isa = PBXBuildFile; fileRef = AF421D4427111214009CE697 /* AdminSoporteController.swift */; };
		AF63E4E226FBA66200AFE201 /* GoogleService-Info.plist in Resources */ = {isa = PBXBuildFile; fileRef = AF63E4E126FBA66200AFE201 /* GoogleService-Info.plist */; };
		AF63E4E626FBCE8C00AFE201 /* ServiciosController.swift in Sources */ = {isa = PBXBuildFile; fileRef = AF63E4E426FBCE8B00AFE201 /* ServiciosController.swift */; };
		AF63E4E726FBCE8C00AFE201 /* Servicios.swift in Sources */ = {isa = PBXBuildFile; fileRef = AF63E4E526FBCE8B00AFE201 /* Servicios.swift */; };
		AFFA154E270FD4D000E4A3E7 /* Tanatologos.swift in Sources */ = {isa = PBXBuildFile; fileRef = AFFA154D270FD4D000E4A3E7 /* Tanatologos.swift */; };
		AFFA1550270FD62100E4A3E7 /* TanatologosController.swift in Sources */ = {isa = PBXBuildFile; fileRef = AFFA154F270FD62100E4A3E7 /* TanatologosController.swift */; };
		E6F935186A9567DEBA525AE1 /* Pods_Reto01_Reto01Testing.framework in Frameworks */ = {isa = PBXBuildFile; fileRef = CA81E337716B1967B16F0734 /* Pods_Reto01_Reto01Testing.framework */; };
/* End PBXBuildFile section */

/* Begin PBXContainerItemProxy section */
		323B899E2713DDE2007AFDA2 /* PBXContainerItemProxy */ = {
			isa = PBXContainerItemProxy;
			containerPortal = 322097AA26DEE3FB0024DD40 /* Project object */;
			proxyType = 1;
			remoteGlobalIDString = 322097B126DEE3FB0024DD40;
			remoteInfo = Reto01;
		};
/* End PBXContainerItemProxy section */

/* Begin PBXFileReference section */
		22468832751049E146F8D06F /* Pods-Reto01.debug.xcconfig */ = {isa = PBXFileReference; includeInIndex = 1; lastKnownFileType = text.xcconfig; name = "Pods-Reto01.debug.xcconfig"; path = "Target Support Files/Pods-Reto01/Pods-Reto01.debug.xcconfig"; sourceTree = "<group>"; };
		322097B226DEE3FB0024DD40 /* Reto01.app */ = {isa = PBXFileReference; explicitFileType = wrapper.application; includeInIndex = 0; path = Reto01.app; sourceTree = BUILT_PRODUCTS_DIR; };
		322097B526DEE3FB0024DD40 /* AppDelegate.swift */ = {isa = PBXFileReference; lastKnownFileType = sourcecode.swift; path = AppDelegate.swift; sourceTree = "<group>"; };
		322097B726DEE3FB0024DD40 /* SceneDelegate.swift */ = {isa = PBXFileReference; lastKnownFileType = sourcecode.swift; path = SceneDelegate.swift; sourceTree = "<group>"; };
		322097B926DEE3FB0024DD40 /* ViewController.swift */ = {isa = PBXFileReference; lastKnownFileType = sourcecode.swift; path = ViewController.swift; sourceTree = "<group>"; };
		322097BC26DEE3FB0024DD40 /* Base */ = {isa = PBXFileReference; lastKnownFileType = file.storyboard; name = Base; path = Base.lproj/Main.storyboard; sourceTree = "<group>"; };
		322097C126DEE3FC0024DD40 /* Base */ = {isa = PBXFileReference; lastKnownFileType = file.storyboard; name = Base; path = Base.lproj/LaunchScreen.storyboard; sourceTree = "<group>"; };
		322097C326DEE3FC0024DD40 /* Info.plist */ = {isa = PBXFileReference; lastKnownFileType = text.plist.xml; path = Info.plist; sourceTree = "<group>"; };
		323B89992713DDE2007AFDA2 /* Reto01Testing.xctest */ = {isa = PBXFileReference; explicitFileType = wrapper.cfbundle; includeInIndex = 0; path = Reto01Testing.xctest; sourceTree = BUILT_PRODUCTS_DIR; };
		323B899B2713DDE2007AFDA2 /* Reto01Testing.swift */ = {isa = PBXFileReference; lastKnownFileType = sourcecode.swift; path = Reto01Testing.swift; sourceTree = "<group>"; };
		323B899D2713DDE2007AFDA2 /* Info.plist */ = {isa = PBXFileReference; lastKnownFileType = text.plist.xml; path = Info.plist; sourceTree = "<group>"; };
		3260D785270D594A00E6F29E /* Usuarios.swift */ = {isa = PBXFileReference; lastKnownFileType = sourcecode.swift; path = Usuarios.swift; sourceTree = "<group>"; };
		3260D788270D5AAD00E6F29E /* UsuariosController.swift */ = {isa = PBXFileReference; lastKnownFileType = sourcecode.swift; path = UsuariosController.swift; sourceTree = "<group>"; };
		3260D792270D5EE500E6F29E /* UuariosTanatologoTableViewController.swift */ = {isa = PBXFileReference; lastKnownFileType = sourcecode.swift; path = UuariosTanatologoTableViewController.swift; sourceTree = "<group>"; };
		3260D79C270D69AF00E6F29E /* DetalleUsuariosTableViewController.swift */ = {isa = PBXFileReference; lastKnownFileType = sourcecode.swift; path = DetalleUsuariosTableViewController.swift; sourceTree = "<group>"; };
		3260D7A0270D6C2800E6F29E /* Sesiones.swift */ = {isa = PBXFileReference; lastKnownFileType = sourcecode.swift; path = Sesiones.swift; sourceTree = "<group>"; };
		3260D7A4270D6F2D00E6F29E /* SesionesController.swift */ = {isa = PBXFileReference; lastKnownFileType = sourcecode.swift; path = SesionesController.swift; sourceTree = "<group>"; };
		3270FDD826DFD0F6000CE316 /* Images */ = {isa = PBXFileReference; lastKnownFileType = folder; path = Images; sourceTree = "<group>"; };
		329D792B271298D000461B09 /* SesionesViewController.swift */ = {isa = PBXFileReference; lastKnownFileType = sourcecode.swift; path = SesionesViewController.swift; sourceTree = "<group>"; };
		32A28B8E270DD0CF009BB4A2 /* DetalleSesionViewController.swift */ = {isa = PBXFileReference; lastKnownFileType = sourcecode.swift; path = DetalleSesionViewController.swift; sourceTree = "<group>"; };
		32A28B91270DD277009BB4A2 /* LogInViewController.swift */ = {isa = PBXFileReference; lastKnownFileType = sourcecode.swift; path = LogInViewController.swift; sourceTree = "<group>"; };
		32A6701F27060C5A004B8C64 /* DetalleServicioViewController.swift */ = {isa = PBXFileReference; fileEncoding = 4; lastKnownFileType = sourcecode.swift; path = DetalleServicioViewController.swift; sourceTree = "<group>"; };
		32A6702027060C5A004B8C64 /* ServiciosTableViewController.swift */ = {isa = PBXFileReference; fileEncoding = 4; lastKnownFileType = sourcecode.swift; path = ServiciosTableViewController.swift; sourceTree = "<group>"; };
		32AB61EA271146E3006793EA /* EditarUserViewController.swift */ = {isa = PBXFileReference; lastKnownFileType = sourcecode.swift; path = EditarUserViewController.swift; sourceTree = "<group>"; };
		32BA899D27110F910030E25F /* EncuadreViewController.swift */ = {isa = PBXFileReference; lastKnownFileType = sourcecode.swift; path = EncuadreViewController.swift; sourceTree = "<group>"; };
		32BE039727135A2C00E8B74D /* EditarSesionViewController.swift */ = {isa = PBXFileReference; lastKnownFileType = sourcecode.swift; path = EditarSesionViewController.swift; sourceTree = "<group>"; };
		32D4274326E666D9001DB449 /* Assets.xcassets */ = {isa = PBXFileReference; lastKnownFileType = folder.assetcatalog; path = Assets.xcassets; sourceTree = "<group>"; };
		3AA06714270FECA5009E760F /* ReporteBusquedaViewController.swift */ = {isa = PBXFileReference; lastKnownFileType = sourcecode.swift; path = ReporteBusquedaViewController.swift; sourceTree = "<group>"; };
		569EBD36030A15518C976309 /* Pods-Reto01-Reto01Testing.debug.xcconfig */ = {isa = PBXFileReference; includeInIndex = 1; lastKnownFileType = text.xcconfig; name = "Pods-Reto01-Reto01Testing.debug.xcconfig"; path = "Target Support Files/Pods-Reto01-Reto01Testing/Pods-Reto01-Reto01Testing.debug.xcconfig"; sourceTree = "<group>"; };
		62F6D28BF161954B10B4BE19 /* Pods-Reto01.release.xcconfig */ = {isa = PBXFileReference; includeInIndex = 1; lastKnownFileType = text.xcconfig; name = "Pods-Reto01.release.xcconfig"; path = "Target Support Files/Pods-Reto01/Pods-Reto01.release.xcconfig"; sourceTree = "<group>"; };
		70195E55BE4EC1922349EAE4 /* Pods_Reto01.framework */ = {isa = PBXFileReference; explicitFileType = wrapper.framework; includeInIndex = 0; path = Pods_Reto01.framework; sourceTree = BUILT_PRODUCTS_DIR; };
		AF421D3A2710EF32009CE697 /* Administradores.swift */ = {isa = PBXFileReference; lastKnownFileType = sourcecode.swift; path = Administradores.swift; sourceTree = "<group>"; };
		AF421D3C2710EF78009CE697 /* AdministradorController.swift */ = {isa = PBXFileReference; lastKnownFileType = sourcecode.swift; path = AdministradorController.swift; sourceTree = "<group>"; };
		AF421D42271111FC009CE697 /* AdminSoporte.swift */ = {isa = PBXFileReference; lastKnownFileType = sourcecode.swift; path = AdminSoporte.swift; sourceTree = "<group>"; };
		AF421D4427111214009CE697 /* AdminSoporteController.swift */ = {isa = PBXFileReference; lastKnownFileType = sourcecode.swift; path = AdminSoporteController.swift; sourceTree = "<group>"; };
		AF63E4E126FBA66200AFE201 /* GoogleService-Info.plist */ = {isa = PBXFileReference; fileEncoding = 4; lastKnownFileType = text.plist.xml; path = "GoogleService-Info.plist"; sourceTree = "<group>"; };
		AF63E4E426FBCE8B00AFE201 /* ServiciosController.swift */ = {isa = PBXFileReference; fileEncoding = 4; lastKnownFileType = sourcecode.swift; path = ServiciosController.swift; sourceTree = "<group>"; };
		AF63E4E526FBCE8B00AFE201 /* Servicios.swift */ = {isa = PBXFileReference; fileEncoding = 4; lastKnownFileType = sourcecode.swift; path = Servicios.swift; sourceTree = "<group>"; };
		AFFA154D270FD4D000E4A3E7 /* Tanatologos.swift */ = {isa = PBXFileReference; lastKnownFileType = sourcecode.swift; path = Tanatologos.swift; sourceTree = "<group>"; };
		AFFA154F270FD62100E4A3E7 /* TanatologosController.swift */ = {isa = PBXFileReference; lastKnownFileType = sourcecode.swift; path = TanatologosController.swift; sourceTree = "<group>"; };
		CA81E337716B1967B16F0734 /* Pods_Reto01_Reto01Testing.framework */ = {isa = PBXFileReference; explicitFileType = wrapper.framework; includeInIndex = 0; path = Pods_Reto01_Reto01Testing.framework; sourceTree = BUILT_PRODUCTS_DIR; };
		D1A4859E8D73F852411FB36C /* Pods-Reto01-Reto01Testing.release.xcconfig */ = {isa = PBXFileReference; includeInIndex = 1; lastKnownFileType = text.xcconfig; name = "Pods-Reto01-Reto01Testing.release.xcconfig"; path = "Target Support Files/Pods-Reto01-Reto01Testing/Pods-Reto01-Reto01Testing.release.xcconfig"; sourceTree = "<group>"; };
/* End PBXFileReference section */

/* Begin PBXFrameworksBuildPhase section */
		322097AF26DEE3FB0024DD40 /* Frameworks */ = {
			isa = PBXFrameworksBuildPhase;
			buildActionMask = 2147483647;
			files = (
				40E2F30F1DFB136CA2F3A453 /* Pods_Reto01.framework in Frameworks */,
			);
			runOnlyForDeploymentPostprocessing = 0;
		};
		323B89962713DDE2007AFDA2 /* Frameworks */ = {
			isa = PBXFrameworksBuildPhase;
			buildActionMask = 2147483647;
			files = (
				E6F935186A9567DEBA525AE1 /* Pods_Reto01_Reto01Testing.framework in Frameworks */,
			);
			runOnlyForDeploymentPostprocessing = 0;
		};
/* End PBXFrameworksBuildPhase section */

/* Begin PBXGroup section */
		322097A926DEE3FB0024DD40 = {
			isa = PBXGroup;
			children = (
				322097B426DEE3FB0024DD40 /* Reto01 */,
				323B899A2713DDE2007AFDA2 /* Reto01Testing */,
				322097B326DEE3FB0024DD40 /* Products */,
				326D1485CF454A35E36A57A1 /* Pods */,
				71C6EBEEEE552616A7955F67 /* Frameworks */,
			);
			sourceTree = "<group>";
		};
		322097B326DEE3FB0024DD40 /* Products */ = {
			isa = PBXGroup;
			children = (
				322097B226DEE3FB0024DD40 /* Reto01.app */,
				323B89992713DDE2007AFDA2 /* Reto01Testing.xctest */,
			);
			name = Products;
			sourceTree = "<group>";
		};
		322097B426DEE3FB0024DD40 /* Reto01 */ = {
			isa = PBXGroup;
			children = (
				323B89082713CD32007AFDA2 /* Unit Test */,
				32A670092706094D004B8C64 /* ModuloInformación */,
				AF63E4E326FBCE8B00AFE201 /* Models */,
				AF63E4E126FBA66200AFE201 /* GoogleService-Info.plist */,
				3270FDD826DFD0F6000CE316 /* Images */,
				322097B526DEE3FB0024DD40 /* AppDelegate.swift */,
				322097B726DEE3FB0024DD40 /* SceneDelegate.swift */,
				322097B926DEE3FB0024DD40 /* ViewController.swift */,
				322097BB26DEE3FB0024DD40 /* Main.storyboard */,
				32D4274326E666D9001DB449 /* Assets.xcassets */,
				322097C026DEE3FC0024DD40 /* LaunchScreen.storyboard */,
				322097C326DEE3FC0024DD40 /* Info.plist */,
			);
			path = Reto01;
			sourceTree = "<group>";
		};
		323B89082713CD32007AFDA2 /* Unit Test */ = {
			isa = PBXGroup;
			children = (
			);
			path = "Unit Test";
			sourceTree = "<group>";
		};
		323B899A2713DDE2007AFDA2 /* Reto01Testing */ = {
			isa = PBXGroup;
			children = (
				323B899B2713DDE2007AFDA2 /* Reto01Testing.swift */,
				323B899D2713DDE2007AFDA2 /* Info.plist */,
			);
			path = Reto01Testing;
			sourceTree = "<group>";
		};
		3260D78B270D5C5A00E6F29E /* VistasTanatologo */ = {
			isa = PBXGroup;
			children = (
				3260D792270D5EE500E6F29E /* UuariosTanatologoTableViewController.swift */,
			);
			path = VistasTanatologo;
			sourceTree = "<group>";
		};
		326D1485CF454A35E36A57A1 /* Pods */ = {
			isa = PBXGroup;
			children = (
				22468832751049E146F8D06F /* Pods-Reto01.debug.xcconfig */,
				62F6D28BF161954B10B4BE19 /* Pods-Reto01.release.xcconfig */,
				569EBD36030A15518C976309 /* Pods-Reto01-Reto01Testing.debug.xcconfig */,
				D1A4859E8D73F852411FB36C /* Pods-Reto01-Reto01Testing.release.xcconfig */,
			);
			path = Pods;
			sourceTree = "<group>";
		};
		32A670092706094D004B8C64 /* ModuloInformación */ = {
			isa = PBXGroup;
			children = (
				3260D78B270D5C5A00E6F29E /* VistasTanatologo */,
				32A6701F27060C5A004B8C64 /* DetalleServicioViewController.swift */,
				3260D79C270D69AF00E6F29E /* DetalleUsuariosTableViewController.swift */,
				32A6702027060C5A004B8C64 /* ServiciosTableViewController.swift */,
				32A28B8E270DD0CF009BB4A2 /* DetalleSesionViewController.swift */,
				32A28B91270DD277009BB4A2 /* LogInViewController.swift */,
				32BA899D27110F910030E25F /* EncuadreViewController.swift */,
				32AB61EA271146E3006793EA /* EditarUserViewController.swift */,
				329D792B271298D000461B09 /* SesionesViewController.swift */,
				32BE039727135A2C00E8B74D /* EditarSesionViewController.swift */,
			);
			name = "ModuloInformación";
			path = "ModuloInformación";
			sourceTree = "<group>";
		};
		71C6EBEEEE552616A7955F67 /* Frameworks */ = {
			isa = PBXGroup;
			children = (
				70195E55BE4EC1922349EAE4 /* Pods_Reto01.framework */,
				CA81E337716B1967B16F0734 /* Pods_Reto01_Reto01Testing.framework */,
			);
			name = Frameworks;
			sourceTree = "<group>";
		};
		AF63E4E326FBCE8B00AFE201 /* Models */ = {
			isa = PBXGroup;
			children = (
				AF63E4E426FBCE8B00AFE201 /* ServiciosController.swift */,
				AF63E4E526FBCE8B00AFE201 /* Servicios.swift */,
				3260D788270D5AAD00E6F29E /* UsuariosController.swift */,
				AFFA154F270FD62100E4A3E7 /* TanatologosController.swift */,
				AF421D3A2710EF32009CE697 /* Administradores.swift */,
				AF421D3C2710EF78009CE697 /* AdministradorController.swift */,
				3260D785270D594A00E6F29E /* Usuarios.swift */,
				AFFA154D270FD4D000E4A3E7 /* Tanatologos.swift */,
				AF421D42271111FC009CE697 /* AdminSoporte.swift */,
				AF421D4427111214009CE697 /* AdminSoporteController.swift */,
				3260D7A0270D6C2800E6F29E /* Sesiones.swift */,
				3260D7A4270D6F2D00E6F29E /* SesionesController.swift */,
				3AA06714270FECA5009E760F /* ReporteBusquedaViewController.swift */,
			);
			path = Models;
			sourceTree = "<group>";
		};
/* End PBXGroup section */

/* Begin PBXNativeTarget section */
		322097B126DEE3FB0024DD40 /* Reto01 */ = {
			isa = PBXNativeTarget;
			buildConfigurationList = 322097C626DEE3FC0024DD40 /* Build configuration list for PBXNativeTarget "Reto01" */;
			buildPhases = (
				29492DE6F241717115F55EAE /* [CP] Check Pods Manifest.lock */,
				322097AE26DEE3FB0024DD40 /* Sources */,
				322097AF26DEE3FB0024DD40 /* Frameworks */,
				322097B026DEE3FB0024DD40 /* Resources */,
				9BF22F654880379E7D618CC5 /* [CP] Embed Pods Frameworks */,
			);
			buildRules = (
			);
			dependencies = (
			);
			name = Reto01;
			productName = Reto01;
			productReference = 322097B226DEE3FB0024DD40 /* Reto01.app */;
			productType = "com.apple.product-type.application";
		};
		323B89982713DDE2007AFDA2 /* Reto01Testing */ = {
			isa = PBXNativeTarget;
			buildConfigurationList = 323B89A02713DDE2007AFDA2 /* Build configuration list for PBXNativeTarget "Reto01Testing" */;
			buildPhases = (
				EF72E9037932D01D233DF415 /* [CP] Check Pods Manifest.lock */,
				323B89952713DDE2007AFDA2 /* Sources */,
				323B89962713DDE2007AFDA2 /* Frameworks */,
				323B89972713DDE2007AFDA2 /* Resources */,
				0861BED7A8F0697F0CCAB892 /* [CP] Embed Pods Frameworks */,
			);
			buildRules = (
			);
			dependencies = (
				323B899F2713DDE2007AFDA2 /* PBXTargetDependency */,
			);
			name = Reto01Testing;
			productName = Reto01Testing;
			productReference = 323B89992713DDE2007AFDA2 /* Reto01Testing.xctest */;
			productType = "com.apple.product-type.bundle.unit-test";
		};
/* End PBXNativeTarget section */

/* Begin PBXProject section */
		322097AA26DEE3FB0024DD40 /* Project object */ = {
			isa = PBXProject;
			attributes = {
				LastSwiftUpdateCheck = 1240;
				LastUpgradeCheck = 1240;
				TargetAttributes = {
					322097B126DEE3FB0024DD40 = {
						CreatedOnToolsVersion = 12.4;
					};
					323B89982713DDE2007AFDA2 = {
						CreatedOnToolsVersion = 12.4;
						TestTargetID = 322097B126DEE3FB0024DD40;
					};
				};
			};
			buildConfigurationList = 322097AD26DEE3FB0024DD40 /* Build configuration list for PBXProject "Reto01" */;
			compatibilityVersion = "Xcode 9.3";
			developmentRegion = en;
			hasScannedForEncodings = 0;
			knownRegions = (
				en,
				Base,
			);
			mainGroup = 322097A926DEE3FB0024DD40;
			productRefGroup = 322097B326DEE3FB0024DD40 /* Products */;
			projectDirPath = "";
			projectRoot = "";
			targets = (
				322097B126DEE3FB0024DD40 /* Reto01 */,
				323B89982713DDE2007AFDA2 /* Reto01Testing */,
			);
		};
/* End PBXProject section */

/* Begin PBXResourcesBuildPhase section */
		322097B026DEE3FB0024DD40 /* Resources */ = {
			isa = PBXResourcesBuildPhase;
			buildActionMask = 2147483647;
			files = (
				3270FDD926DFD0F6000CE316 /* Images in Resources */,
				322097C226DEE3FC0024DD40 /* LaunchScreen.storyboard in Resources */,
				AF63E4E226FBA66200AFE201 /* GoogleService-Info.plist in Resources */,
				32D4274426E666D9001DB449 /* Assets.xcassets in Resources */,
				322097BD26DEE3FB0024DD40 /* Main.storyboard in Resources */,
			);
			runOnlyForDeploymentPostprocessing = 0;
		};
		323B89972713DDE2007AFDA2 /* Resources */ = {
			isa = PBXResourcesBuildPhase;
			buildActionMask = 2147483647;
			files = (
			);
			runOnlyForDeploymentPostprocessing = 0;
		};
/* End PBXResourcesBuildPhase section */

/* Begin PBXShellScriptBuildPhase section */
		0861BED7A8F0697F0CCAB892 /* [CP] Embed Pods Frameworks */ = {
			isa = PBXShellScriptBuildPhase;
			buildActionMask = 2147483647;
			files = (
			);
			inputFileListPaths = (
				"${PODS_ROOT}/Target Support Files/Pods-Reto01-Reto01Testing/Pods-Reto01-Reto01Testing-frameworks-${CONFIGURATION}-input-files.xcfilelist",
			);
			name = "[CP] Embed Pods Frameworks";
			outputFileListPaths = (
				"${PODS_ROOT}/Target Support Files/Pods-Reto01-Reto01Testing/Pods-Reto01-Reto01Testing-frameworks-${CONFIGURATION}-output-files.xcfilelist",
			);
			runOnlyForDeploymentPostprocessing = 0;
			shellPath = /bin/sh;
			shellScript = "\"${PODS_ROOT}/Target Support Files/Pods-Reto01-Reto01Testing/Pods-Reto01-Reto01Testing-frameworks.sh\"\n";
			showEnvVarsInLog = 0;
		};
		29492DE6F241717115F55EAE /* [CP] Check Pods Manifest.lock */ = {
			isa = PBXShellScriptBuildPhase;
			buildActionMask = 2147483647;
			files = (
			);
			inputFileListPaths = (
			);
			inputPaths = (
				"${PODS_PODFILE_DIR_PATH}/Podfile.lock",
				"${PODS_ROOT}/Manifest.lock",
			);
			name = "[CP] Check Pods Manifest.lock";
			outputFileListPaths = (
			);
			outputPaths = (
				"$(DERIVED_FILE_DIR)/Pods-Reto01-checkManifestLockResult.txt",
			);
			runOnlyForDeploymentPostprocessing = 0;
			shellPath = /bin/sh;
			shellScript = "diff \"${PODS_PODFILE_DIR_PATH}/Podfile.lock\" \"${PODS_ROOT}/Manifest.lock\" > /dev/null\nif [ $? != 0 ] ; then\n    # print error to STDERR\n    echo \"error: The sandbox is not in sync with the Podfile.lock. Run 'pod install' or update your CocoaPods installation.\" >&2\n    exit 1\nfi\n# This output is used by Xcode 'outputs' to avoid re-running this script phase.\necho \"SUCCESS\" > \"${SCRIPT_OUTPUT_FILE_0}\"\n";
			showEnvVarsInLog = 0;
		};
		9BF22F654880379E7D618CC5 /* [CP] Embed Pods Frameworks */ = {
			isa = PBXShellScriptBuildPhase;
			buildActionMask = 2147483647;
			files = (
			);
			inputFileListPaths = (
				"${PODS_ROOT}/Target Support Files/Pods-Reto01/Pods-Reto01-frameworks-${CONFIGURATION}-input-files.xcfilelist",
			);
			name = "[CP] Embed Pods Frameworks";
			outputFileListPaths = (
				"${PODS_ROOT}/Target Support Files/Pods-Reto01/Pods-Reto01-frameworks-${CONFIGURATION}-output-files.xcfilelist",
			);
			runOnlyForDeploymentPostprocessing = 0;
			shellPath = /bin/sh;
			shellScript = "\"${PODS_ROOT}/Target Support Files/Pods-Reto01/Pods-Reto01-frameworks.sh\"\n";
			showEnvVarsInLog = 0;
		};
		EF72E9037932D01D233DF415 /* [CP] Check Pods Manifest.lock */ = {
			isa = PBXShellScriptBuildPhase;
			buildActionMask = 2147483647;
			files = (
			);
			inputFileListPaths = (
			);
			inputPaths = (
				"${PODS_PODFILE_DIR_PATH}/Podfile.lock",
				"${PODS_ROOT}/Manifest.lock",
			);
			name = "[CP] Check Pods Manifest.lock";
			outputFileListPaths = (
			);
			outputPaths = (
				"$(DERIVED_FILE_DIR)/Pods-Reto01-Reto01Testing-checkManifestLockResult.txt",
			);
			runOnlyForDeploymentPostprocessing = 0;
			shellPath = /bin/sh;
			shellScript = "diff \"${PODS_PODFILE_DIR_PATH}/Podfile.lock\" \"${PODS_ROOT}/Manifest.lock\" > /dev/null\nif [ $? != 0 ] ; then\n    # print error to STDERR\n    echo \"error: The sandbox is not in sync with the Podfile.lock. Run 'pod install' or update your CocoaPods installation.\" >&2\n    exit 1\nfi\n# This output is used by Xcode 'outputs' to avoid re-running this script phase.\necho \"SUCCESS\" > \"${SCRIPT_OUTPUT_FILE_0}\"\n";
			showEnvVarsInLog = 0;
		};
/* End PBXShellScriptBuildPhase section */

/* Begin PBXSourcesBuildPhase section */
		322097AE26DEE3FB0024DD40 /* Sources */ = {
			isa = PBXSourcesBuildPhase;
			buildActionMask = 2147483647;
			files = (
				322097BA26DEE3FB0024DD40 /* ViewController.swift in Sources */,
				329D792C271298D000461B09 /* SesionesViewController.swift in Sources */,
				32A6702127060C5A004B8C64 /* DetalleServicioViewController.swift in Sources */,
				3260D7A1270D6C2800E6F29E /* Sesiones.swift in Sources */,
				AF421D3B2710EF32009CE697 /* Administradores.swift in Sources */,
				322097B626DEE3FB0024DD40 /* AppDelegate.swift in Sources */,
				AF63E4E726FBCE8C00AFE201 /* Servicios.swift in Sources */,
				AF421D3D2710EF78009CE697 /* AdministradorController.swift in Sources */,
				AF421D4527111214009CE697 /* AdminSoporteController.swift in Sources */,
				32AB61EB271146E3006793EA /* EditarUserViewController.swift in Sources */,
				3260D793270D5EE500E6F29E /* UuariosTanatologoTableViewController.swift in Sources */,
				3260D786270D594A00E6F29E /* Usuarios.swift in Sources */,
				32BE039827135A2C00E8B74D /* EditarSesionViewController.swift in Sources */,
				AFFA154E270FD4D000E4A3E7 /* Tanatologos.swift in Sources */,
				32A28B8F270DD0CF009BB4A2 /* DetalleSesionViewController.swift in Sources */,
				3AA06715270FECA5009E760F /* ReporteBusquedaViewController.swift in Sources */,
				32A28B92270DD277009BB4A2 /* LogInViewController.swift in Sources */,
				3260D7A5270D6F2D00E6F29E /* SesionesController.swift in Sources */,
				3260D79D270D69AF00E6F29E /* DetalleUsuariosTableViewController.swift in Sources */,
				32BA899E27110F910030E25F /* EncuadreViewController.swift in Sources */,
				322097B826DEE3FB0024DD40 /* SceneDelegate.swift in Sources */,
				AF63E4E626FBCE8C00AFE201 /* ServiciosController.swift in Sources */,
				3260D789270D5AAD00E6F29E /* UsuariosController.swift in Sources */,
				32A6702227060C5A004B8C64 /* ServiciosTableViewController.swift in Sources */,
				AF421D43271111FC009CE697 /* AdminSoporte.swift in Sources */,
				AFFA1550270FD62100E4A3E7 /* TanatologosController.swift in Sources */,
			);
			runOnlyForDeploymentPostprocessing = 0;
		};
		323B89952713DDE2007AFDA2 /* Sources */ = {
			isa = PBXSourcesBuildPhase;
			buildActionMask = 2147483647;
			files = (
				323B899C2713DDE2007AFDA2 /* Reto01Testing.swift in Sources */,
			);
			runOnlyForDeploymentPostprocessing = 0;
		};
/* End PBXSourcesBuildPhase section */

/* Begin PBXTargetDependency section */
		323B899F2713DDE2007AFDA2 /* PBXTargetDependency */ = {
			isa = PBXTargetDependency;
			target = 322097B126DEE3FB0024DD40 /* Reto01 */;
			targetProxy = 323B899E2713DDE2007AFDA2 /* PBXContainerItemProxy */;
		};
/* End PBXTargetDependency section */

/* Begin PBXVariantGroup section */
		322097BB26DEE3FB0024DD40 /* Main.storyboard */ = {
			isa = PBXVariantGroup;
			children = (
				322097BC26DEE3FB0024DD40 /* Base */,
			);
			name = Main.storyboard;
			sourceTree = "<group>";
		};
		322097C026DEE3FC0024DD40 /* LaunchScreen.storyboard */ = {
			isa = PBXVariantGroup;
			children = (
				322097C126DEE3FC0024DD40 /* Base */,
			);
			name = LaunchScreen.storyboard;
			sourceTree = "<group>";
		};
/* End PBXVariantGroup section */

/* Begin XCBuildConfiguration section */
		322097C426DEE3FC0024DD40 /* Debug */ = {
			isa = XCBuildConfiguration;
			buildSettings = {
				ALWAYS_SEARCH_USER_PATHS = NO;
				CLANG_ANALYZER_NONNULL = YES;
				CLANG_ANALYZER_NUMBER_OBJECT_CONVERSION = YES_AGGRESSIVE;
				CLANG_CXX_LANGUAGE_STANDARD = "gnu++14";
				CLANG_CXX_LIBRARY = "libc++";
				CLANG_ENABLE_MODULES = YES;
				CLANG_ENABLE_OBJC_ARC = YES;
				CLANG_ENABLE_OBJC_WEAK = YES;
				CLANG_WARN_BLOCK_CAPTURE_AUTORELEASING = YES;
				CLANG_WARN_BOOL_CONVERSION = YES;
				CLANG_WARN_COMMA = YES;
				CLANG_WARN_CONSTANT_CONVERSION = YES;
				CLANG_WARN_DEPRECATED_OBJC_IMPLEMENTATIONS = YES;
				CLANG_WARN_DIRECT_OBJC_ISA_USAGE = YES_ERROR;
				CLANG_WARN_DOCUMENTATION_COMMENTS = YES;
				CLANG_WARN_EMPTY_BODY = YES;
				CLANG_WARN_ENUM_CONVERSION = YES;
				CLANG_WARN_INFINITE_RECURSION = YES;
				CLANG_WARN_INT_CONVERSION = YES;
				CLANG_WARN_NON_LITERAL_NULL_CONVERSION = YES;
				CLANG_WARN_OBJC_IMPLICIT_RETAIN_SELF = YES;
				CLANG_WARN_OBJC_LITERAL_CONVERSION = YES;
				CLANG_WARN_OBJC_ROOT_CLASS = YES_ERROR;
				CLANG_WARN_QUOTED_INCLUDE_IN_FRAMEWORK_HEADER = YES;
				CLANG_WARN_RANGE_LOOP_ANALYSIS = YES;
				CLANG_WARN_STRICT_PROTOTYPES = YES;
				CLANG_WARN_SUSPICIOUS_MOVE = YES;
				CLANG_WARN_UNGUARDED_AVAILABILITY = YES_AGGRESSIVE;
				CLANG_WARN_UNREACHABLE_CODE = YES;
				CLANG_WARN__DUPLICATE_METHOD_MATCH = YES;
				COPY_PHASE_STRIP = NO;
				DEBUG_INFORMATION_FORMAT = dwarf;
				ENABLE_STRICT_OBJC_MSGSEND = YES;
				ENABLE_TESTABILITY = YES;
				GCC_C_LANGUAGE_STANDARD = gnu11;
				GCC_DYNAMIC_NO_PIC = NO;
				GCC_NO_COMMON_BLOCKS = YES;
				GCC_OPTIMIZATION_LEVEL = 0;
				GCC_PREPROCESSOR_DEFINITIONS = (
					"DEBUG=1",
					"$(inherited)",
				);
				GCC_WARN_64_TO_32_BIT_CONVERSION = YES;
				GCC_WARN_ABOUT_RETURN_TYPE = YES_ERROR;
				GCC_WARN_UNDECLARED_SELECTOR = YES;
				GCC_WARN_UNINITIALIZED_AUTOS = YES_AGGRESSIVE;
				GCC_WARN_UNUSED_FUNCTION = YES;
				GCC_WARN_UNUSED_VARIABLE = YES;
				IPHONEOS_DEPLOYMENT_TARGET = 14.4;
				MTL_ENABLE_DEBUG_INFO = INCLUDE_SOURCE;
				MTL_FAST_MATH = YES;
				ONLY_ACTIVE_ARCH = YES;
				SDKROOT = iphoneos;
				SWIFT_ACTIVE_COMPILATION_CONDITIONS = DEBUG;
				SWIFT_OPTIMIZATION_LEVEL = "-Onone";
			};
			name = Debug;
		};
		322097C526DEE3FC0024DD40 /* Release */ = {
			isa = XCBuildConfiguration;
			buildSettings = {
				ALWAYS_SEARCH_USER_PATHS = NO;
				CLANG_ANALYZER_NONNULL = YES;
				CLANG_ANALYZER_NUMBER_OBJECT_CONVERSION = YES_AGGRESSIVE;
				CLANG_CXX_LANGUAGE_STANDARD = "gnu++14";
				CLANG_CXX_LIBRARY = "libc++";
				CLANG_ENABLE_MODULES = YES;
				CLANG_ENABLE_OBJC_ARC = YES;
				CLANG_ENABLE_OBJC_WEAK = YES;
				CLANG_WARN_BLOCK_CAPTURE_AUTORELEASING = YES;
				CLANG_WARN_BOOL_CONVERSION = YES;
				CLANG_WARN_COMMA = YES;
				CLANG_WARN_CONSTANT_CONVERSION = YES;
				CLANG_WARN_DEPRECATED_OBJC_IMPLEMENTATIONS = YES;
				CLANG_WARN_DIRECT_OBJC_ISA_USAGE = YES_ERROR;
				CLANG_WARN_DOCUMENTATION_COMMENTS = YES;
				CLANG_WARN_EMPTY_BODY = YES;
				CLANG_WARN_ENUM_CONVERSION = YES;
				CLANG_WARN_INFINITE_RECURSION = YES;
				CLANG_WARN_INT_CONVERSION = YES;
				CLANG_WARN_NON_LITERAL_NULL_CONVERSION = YES;
				CLANG_WARN_OBJC_IMPLICIT_RETAIN_SELF = YES;
				CLANG_WARN_OBJC_LITERAL_CONVERSION = YES;
				CLANG_WARN_OBJC_ROOT_CLASS = YES_ERROR;
				CLANG_WARN_QUOTED_INCLUDE_IN_FRAMEWORK_HEADER = YES;
				CLANG_WARN_RANGE_LOOP_ANALYSIS = YES;
				CLANG_WARN_STRICT_PROTOTYPES = YES;
				CLANG_WARN_SUSPICIOUS_MOVE = YES;
				CLANG_WARN_UNGUARDED_AVAILABILITY = YES_AGGRESSIVE;
				CLANG_WARN_UNREACHABLE_CODE = YES;
				CLANG_WARN__DUPLICATE_METHOD_MATCH = YES;
				COPY_PHASE_STRIP = NO;
				DEBUG_INFORMATION_FORMAT = "dwarf-with-dsym";
				ENABLE_NS_ASSERTIONS = NO;
				ENABLE_STRICT_OBJC_MSGSEND = YES;
				GCC_C_LANGUAGE_STANDARD = gnu11;
				GCC_NO_COMMON_BLOCKS = YES;
				GCC_WARN_64_TO_32_BIT_CONVERSION = YES;
				GCC_WARN_ABOUT_RETURN_TYPE = YES_ERROR;
				GCC_WARN_UNDECLARED_SELECTOR = YES;
				GCC_WARN_UNINITIALIZED_AUTOS = YES_AGGRESSIVE;
				GCC_WARN_UNUSED_FUNCTION = YES;
				GCC_WARN_UNUSED_VARIABLE = YES;
				IPHONEOS_DEPLOYMENT_TARGET = 14.4;
				MTL_ENABLE_DEBUG_INFO = NO;
				MTL_FAST_MATH = YES;
				SDKROOT = iphoneos;
				SWIFT_COMPILATION_MODE = wholemodule;
				SWIFT_OPTIMIZATION_LEVEL = "-O";
				VALIDATE_PRODUCT = YES;
			};
			name = Release;
		};
		322097C726DEE3FC0024DD40 /* Debug */ = {
			isa = XCBuildConfiguration;
			baseConfigurationReference = 22468832751049E146F8D06F /* Pods-Reto01.debug.xcconfig */;
			buildSettings = {
				ASSETCATALOG_COMPILER_APPICON_NAME = AppIcon;
				ASSETCATALOG_COMPILER_GLOBAL_ACCENT_COLOR_NAME = AccentColor;
				CODE_SIGN_STYLE = Automatic;
				DEVELOPMENT_TEAM = 3P34W6YNZC;
				INFOPLIST_FILE = Reto01/Info.plist;
				LD_RUNPATH_SEARCH_PATHS = (
					"$(inherited)",
					"@executable_path/Frameworks",
				);
				PRODUCT_BUNDLE_IDENTIFIER = mx.A01653185.Reto01;
				PRODUCT_NAME = "$(TARGET_NAME)";
				SWIFT_VERSION = 5.0;
				TARGETED_DEVICE_FAMILY = "1,2";
			};
			name = Debug;
		};
		322097C826DEE3FC0024DD40 /* Release */ = {
			isa = XCBuildConfiguration;
			baseConfigurationReference = 62F6D28BF161954B10B4BE19 /* Pods-Reto01.release.xcconfig */;
			buildSettings = {
				ASSETCATALOG_COMPILER_APPICON_NAME = AppIcon;
				ASSETCATALOG_COMPILER_GLOBAL_ACCENT_COLOR_NAME = AccentColor;
				CODE_SIGN_STYLE = Automatic;
				DEVELOPMENT_TEAM = 3P34W6YNZC;
				INFOPLIST_FILE = Reto01/Info.plist;
				LD_RUNPATH_SEARCH_PATHS = (
					"$(inherited)",
					"@executable_path/Frameworks",
				);
				PRODUCT_BUNDLE_IDENTIFIER = mx.A01653185.Reto01;
				PRODUCT_NAME = "$(TARGET_NAME)";
				SWIFT_VERSION = 5.0;
				TARGETED_DEVICE_FAMILY = "1,2";
			};
			name = Release;
		};
		323B89A12713DDE2007AFDA2 /* Debug */ = {
			isa = XCBuildConfiguration;
			baseConfigurationReference = 569EBD36030A15518C976309 /* Pods-Reto01-Reto01Testing.debug.xcconfig */;
			buildSettings = {
				BUNDLE_LOADER = "$(TEST_HOST)";
				CODE_SIGN_STYLE = Automatic;
				INFOPLIST_FILE = Reto01Testing/Info.plist;
				LD_RUNPATH_SEARCH_PATHS = (
					"$(inherited)",
					"@executable_path/Frameworks",
					"@loader_path/Frameworks",
				);
				PRODUCT_BUNDLE_IDENTIFIER = mx.A01653185.Reto01Testing;
				PRODUCT_NAME = "$(TARGET_NAME)";
				SWIFT_VERSION = 5.0;
				TARGETED_DEVICE_FAMILY = "1,2";
				TEST_HOST = "$(BUILT_PRODUCTS_DIR)/Reto01.app/Reto01";
			};
			name = Debug;
		};
		323B89A22713DDE2007AFDA2 /* Release */ = {
			isa = XCBuildConfiguration;
			baseConfigurationReference = D1A4859E8D73F852411FB36C /* Pods-Reto01-Reto01Testing.release.xcconfig */;
			buildSettings = {
				BUNDLE_LOADER = "$(TEST_HOST)";
				CODE_SIGN_STYLE = Automatic;
				INFOPLIST_FILE = Reto01Testing/Info.plist;
				LD_RUNPATH_SEARCH_PATHS = (
					"$(inherited)",
					"@executable_path/Frameworks",
					"@loader_path/Frameworks",
				);
				PRODUCT_BUNDLE_IDENTIFIER = mx.A01653185.Reto01Testing;
				PRODUCT_NAME = "$(TARGET_NAME)";
				SWIFT_VERSION = 5.0;
				TARGETED_DEVICE_FAMILY = "1,2";
				TEST_HOST = "$(BUILT_PRODUCTS_DIR)/Reto01.app/Reto01";
			};
			name = Release;
		};
/* End XCBuildConfiguration section */

/* Begin XCConfigurationList section */
		322097AD26DEE3FB0024DD40 /* Build configuration list for PBXProject "Reto01" */ = {
			isa = XCConfigurationList;
			buildConfigurations = (
				322097C426DEE3FC0024DD40 /* Debug */,
				322097C526DEE3FC0024DD40 /* Release */,
			);
			defaultConfigurationIsVisible = 0;
			defaultConfigurationName = Release;
		};
		322097C626DEE3FC0024DD40 /* Build configuration list for PBXNativeTarget "Reto01" */ = {
			isa = XCConfigurationList;
			buildConfigurations = (
				322097C726DEE3FC0024DD40 /* Debug */,
				322097C826DEE3FC0024DD40 /* Release */,
			);
			defaultConfigurationIsVisible = 0;
			defaultConfigurationName = Release;
		};
		323B89A02713DDE2007AFDA2 /* Build configuration list for PBXNativeTarget "Reto01Testing" */ = {
			isa = XCConfigurationList;
			buildConfigurations = (
				323B89A12713DDE2007AFDA2 /* Debug */,
				323B89A22713DDE2007AFDA2 /* Release */,
			);
			defaultConfigurationIsVisible = 0;
			defaultConfigurationName = Release;
		};
/* End XCConfigurationList section */
	};
	rootObject = 322097AA26DEE3FB0024DD40 /* Project object */;
}
